<?xml version="1.0" encoding="utf-8"?>
<Project ToolsVersion="4.0" xmlns="http://schemas.microsoft.com/developer/msbuild/2003">
  <ItemGroup>
    <Filter Include="include">
      <UniqueIdentifier>{e408c1d4-bdbf-4690-89e4-3a5a6287f016}</UniqueIdentifier>
      <Extensions>h;hpp;hxx;hm;inl</Extensions>
    </Filter>
    <Filter Include="source">
      <UniqueIdentifier>{e99495bf-1a93-417f-81c7-2cf1119dc941}</UniqueIdentifier>
      <Extensions>cpp;c;cxx;rc;def;r;odl;idl;hpj;bat</Extensions>
    </Filter>
  </ItemGroup>
  <ItemGroup>
    <ClInclude Include="..\..\include\FmiColorTypes.h">
      <Filter>include</Filter>
    </ClInclude>
    <ClInclude Include="..\..\include\NFmiAreaMaskInfo.h">
      <Filter>include</Filter>
    </ClInclude>
    <ClInclude Include="..\..\include\NFmiAreaMaskSectionInfo.h">
      <Filter>include</Filter>
    </ClInclude>
    <ClInclude Include="..\..\include\NFmiAviationStationInfoSystem.h">
      <Filter>include</Filter>
    </ClInclude>
    <ClInclude Include="..\..\include\NFmiCalculationConstantValue.h">
      <Filter>include</Filter>
    </ClInclude>
    <ClInclude Include="..\..\include\NFmiColor.h">
      <Filter>include</Filter>
    </ClInclude>
    <ClInclude Include="..\..\include\NFmiColorSpaces.h">
      <Filter>include</Filter>
    </ClInclude>
    <ClInclude Include="..\..\include\NFmiDataStoringHelpers.h">
      <Filter>include</Filter>
    </ClInclude>
    <ClInclude Include="..\..\include\NFmiDictionaryFunction.h">
      <Filter>include</Filter>
    </ClInclude>
    <ClInclude Include="..\..\include\NFmiDrawParam.h">
      <Filter>include</Filter>
    </ClInclude>
    <ClInclude Include="..\..\include\NFmiDrawParamFactory.h">
      <Filter>include</Filter>
    </ClInclude>
    <ClInclude Include="..\..\include\NFmiDrawParamList.h">
      <Filter>include</Filter>
    </ClInclude>
    <ClInclude Include="..\..\include\NFmiGridPointCache.h">
      <Filter>include</Filter>
    </ClInclude>
    <ClInclude Include="..\..\include\NFmiHarmonizerBookKeepingData.h">
      <Filter>include</Filter>
    </ClInclude>
    <ClInclude Include="..\..\include\NFmiHelpDataInfo.h">
      <Filter>include</Filter>
    </ClInclude>
    <ClInclude Include="..\..\include\NFmiInfoAreaMaskOccurrance.h">
      <Filter>include</Filter>
    </ClInclude>
    <ClInclude Include="..\..\include\NFmiInfoAreaMaskSoundingIndex.h">
      <Filter>include</Filter>
    </ClInclude>
    <ClInclude Include="..\..\include\NFmiInfoOrganizer.h">
      <Filter>include</Filter>
    </ClInclude>
    <ClInclude Include="..\..\include\NFmiMetEditorTypes.h">
      <Filter>include</Filter>
    </ClInclude>
    <ClInclude Include="..\..\include\NFmiModifiableQDatasBookKeeping.h">
      <Filter>include</Filter>
    </ClInclude>
    <ClInclude Include="..\..\include\NFmiMultiLevelMask.h">
      <Filter>include</Filter>
    </ClInclude>
    <ClInclude Include="..\..\include\NFmiOwnerInfo.h">
      <Filter>include</Filter>
    </ClInclude>
    <ClInclude Include="..\..\include\NFmiProducerSystem.h">
      <Filter>include</Filter>
    </ClInclude>
    <ClInclude Include="..\..\include\NFmiQueryDataKeeper.h">
      <Filter>include</Filter>
    </ClInclude>
    <ClInclude Include="..\..\include\NFmiRawTempStationInfoSystem.h">
      <Filter>include</Filter>
    </ClInclude>
    <ClInclude Include="..\..\include\NFmiSmartInfo.h">
      <Filter>include</Filter>
    </ClInclude>
    <ClInclude Include="..\..\include\NFmiSmartToolCalculation.h">
      <Filter>include</Filter>
    </ClInclude>
    <ClInclude Include="..\..\include\NFmiSmartToolCalculationInfo.h">
      <Filter>include</Filter>
    </ClInclude>
    <ClInclude Include="..\..\include\NFmiSmartToolCalculationSection.h">
      <Filter>include</Filter>
    </ClInclude>
    <ClInclude Include="..\..\include\NFmiSmartToolCalculationSectionInfo.h">
      <Filter>include</Filter>
    </ClInclude>
    <ClInclude Include="..\..\include\NFmiSmartToolInfo.h">
      <Filter>include</Filter>
    </ClInclude>
    <ClInclude Include="..\..\include\NFmiSmartToolIntepreter.h">
      <Filter>include</Filter>
    </ClInclude>
    <ClInclude Include="..\..\include\NFmiSmartToolModifier.h">
      <Filter>include</Filter>
    </ClInclude>
    <ClInclude Include="..\..\include\NFmiSmartToolUtil.h">
      <Filter>include</Filter>
    </ClInclude>
    <ClInclude Include="..\..\include\NFmiSortedPtrList.h">
      <Filter>include</Filter>
    </ClInclude>
    <ClInclude Include="..\..\include\NFmiSoundingData.h">
      <Filter>include</Filter>
    </ClInclude>
    <ClInclude Include="..\..\include\NFmiSoundingDataOpt1.h">
      <Filter>include</Filter>
    </ClInclude>
    <ClInclude Include="..\..\include\NFmiSoundingFunctions.h">
      <Filter>include</Filter>
    </ClInclude>
    <ClInclude Include="..\..\include\NFmiSoundingIndexCalculator.h">
      <Filter>include</Filter>
    </ClInclude>
    <ClInclude Include="..\..\include\NFmiTEMPCode.h">
      <Filter>include</Filter>
    </ClInclude>
    <ClInclude Include="..\..\include\NFmiUndoableMultiLevelMask.h">
      <Filter>include</Filter>
    </ClInclude>
    <ClInclude Include="..\..\include\NFmiUndoRedoQData.h">
      <Filter>include</Filter>
    </ClInclude>
  </ItemGroup>
  <ItemGroup>
    <ClCompile Include="..\..\source\NFmiAreaMaskInfo.cpp">
      <Filter>source</Filter>
    </ClCompile>
    <ClCompile Include="..\..\source\NFmiAreaMaskSectionInfo.cpp">
      <Filter>source</Filter>
    </ClCompile>
    <ClCompile Include="..\..\source\NFmiAviationStationInfoSystem.cpp">
      <Filter>source</Filter>
    </ClCompile>
    <ClCompile Include="..\..\source\NFmiCalculationConstantValue.cpp">
      <Filter>source</Filter>
    </ClCompile>
    <ClCompile Include="..\..\source\NFmiColor.cpp">
      <Filter>source</Filter>
    </ClCompile>
    <ClCompile Include="..\..\source\NFmiColorSpaces.cpp">
      <Filter>source</Filter>
    </ClCompile>
    <ClCompile Include="..\..\source\NFmiDataStoringHelpers.cpp">
      <Filter>source</Filter>
    </ClCompile>
    <ClCompile Include="..\..\source\NFmiDictionaryFunction.cpp">
      <Filter>source</Filter>
    </ClCompile>
    <ClCompile Include="..\..\source\NFmiDrawParam.cpp">
      <Filter>source</Filter>
    </ClCompile>
    <ClCompile Include="..\..\source\NFmiDrawParamFactory.cpp">
      <Filter>source</Filter>
    </ClCompile>
    <ClCompile Include="..\..\source\NFmiDrawParamList.cpp">
      <Filter>source</Filter>
    </ClCompile>
    <ClCompile Include="..\..\source\NFmiGridPointCache.cpp">
      <Filter>source</Filter>
    </ClCompile>
    <ClCompile Include="..\..\source\NFmiHarmonizerBookKeepingData.cpp">
      <Filter>source</Filter>
    </ClCompile>
    <ClCompile Include="..\..\source\NFmiHelpDataInfo.cpp">
      <Filter>source</Filter>
    </ClCompile>
    <ClCompile Include="..\..\source\NFmiInfoAreaMaskOccurrance.cpp">
      <Filter>source</Filter>
    </ClCompile>
    <ClCompile Include="..\..\source\NFmiInfoAreaMaskSoundingIndex.cpp">
      <Filter>source</Filter>
    </ClCompile>
    <ClCompile Include="..\..\source\NFmiInfoOrganizer.cpp">
      <Filter>source</Filter>
    </ClCompile>
    <ClCompile Include="..\..\source\NFmiModifiableQDatasBookKeeping.cpp">
      <Filter>source</Filter>
    </ClCompile>
    <ClCompile Include="..\..\source\NFmiMultiLevelMask.cpp">
      <Filter>source</Filter>
    </ClCompile>
    <ClCompile Include="..\..\source\NFmiOwnerInfo.cpp">
      <Filter>source</Filter>
    </ClCompile>
    <ClCompile Include="..\..\source\NFmiProducerSystem.cpp">
      <Filter>source</Filter>
    </ClCompile>
    <ClCompile Include="..\..\source\NFmiQueryDataKeeper.cpp">
      <Filter>source</Filter>
    </ClCompile>
    <ClCompile Include="..\..\source\NFmiRawTempStationInfoSystem.cpp">
      <Filter>source</Filter>
    </ClCompile>
    <ClCompile Include="..\..\source\NFmiSmartInfo.cpp">
      <Filter>source</Filter>
    </ClCompile>
    <ClCompile Include="..\..\source\NFmiSmartToolCalculation.cpp">
      <Filter>source</Filter>
    </ClCompile>
    <ClCompile Include="..\..\source\NFmiSmartToolCalculationInfo.cpp">
      <Filter>source</Filter>
    </ClCompile>
    <ClCompile Include="..\..\source\NFmiSmartToolCalculationSection.cpp">
      <Filter>source</Filter>
    </ClCompile>
    <ClCompile Include="..\..\source\NFmiSmartToolCalculationSectionInfo.cpp">
      <Filter>source</Filter>
    </ClCompile>
    <ClCompile Include="..\..\source\NFmiSmartToolInfo.cpp">
      <Filter>source</Filter>
    </ClCompile>
    <ClCompile Include="..\..\source\NFmiSmartToolIntepreter.cpp">
      <Filter>source</Filter>
    </ClCompile>
    <ClCompile Include="..\..\source\NFmiSmartToolModifier.cpp">
      <Filter>source</Filter>
    </ClCompile>
    <ClCompile Include="..\..\source\NFmiSmartToolUtil.cpp">
      <Filter>source</Filter>
    </ClCompile>
    <ClCompile Include="..\..\source\NFmiSortedPtrList.cpp">
      <Filter>source</Filter>
    </ClCompile>
    <ClCompile Include="..\..\source\NFmiSoundingData.cpp">
      <Filter>source</Filter>
    </ClCompile>
    <ClCompile Include="..\..\source\NFmiSoundingDataOpt1.cpp">
      <Filter>source</Filter>
    </ClCompile>
    <ClCompile Include="..\..\source\NFmiSoundingFunctions.cpp">
      <Filter>source</Filter>
    </ClCompile>
    <ClCompile Include="..\..\source\NFmiSoundingIndexCalculator.cpp">
      <Filter>source</Filter>
    </ClCompile>
    <ClCompile Include="..\..\source\NFmiTEMPCode.cpp">
      <Filter>source</Filter>
    </ClCompile>
    <ClCompile Include="..\..\source\NFmiUndoableMultiLevelMask.cpp">
      <Filter>source</Filter>
    </ClCompile>
    <ClCompile Include="..\..\source\NFmiUndoRedoQData.cpp">
      <Filter>source</Filter>
    </ClCompile>
  </ItemGroup>
</Project>